
Microsoft Visual Studio Solution File, Format Version 12.00
# Visual Studio Version 16
VisualStudioVersion = 16.0.31624.102
MinimumVisualStudioVersion = 10.0.40219.1
Project("{FAE04EC0-301F-11D3-BF4B-00C04F79EFBC}") = "lab1", "lab1\lab1.csproj", "{6444307E-C426-4270-B53B-EAF33523AFDC}"
EndProject
Project("{FAE04EC0-301F-11D3-BF4B-00C04F79EFBC}") = "lab2", "lab2\lab2.csproj", "{4ACD8A2D-F69B-4C6F-9FC5-67764FF6CA39}"
EndProject
Project("{FAE04EC0-301F-11D3-BF4B-00C04F79EFBC}") = "lab3", "lab3\lab3.csproj", "{524D3006-F341-498E-AB6D-631E4F14E768}"
EndProject
Project("{FAE04EC0-301F-11D3-BF4B-00C04F79EFBC}") = "lab4", "lab4\lab4.csproj", "{5808B179-4D3A-489D-800D-5C4443164940}"
EndProject
Project("{FAE04EC0-301F-11D3-BF4B-00C04F79EFBC}") = "lab5", "lab5\lab5.csproj", "{F8CA0F7A-C033-4C96-B30F-29144274C599}"
EndProject
Project("{FAE04EC0-301F-11D3-BF4B-00C04F79EFBC}") = "lab6", "lab6\lab6.csproj", "{06D219A8-4EE4-4523-BA4E-92D230EC3906}"
EndProject
Project("{9A19103F-16F7-4668-BE54-9A1E7A4F7556}") = "Tests", "Tests\Tests.csproj", "{F2836228-14DA-4E60-B763-36A21CD9F5BB}"
EndProject
Project("{FAE04EC0-301F-11D3-BF4B-00C04F79EFBC}") = "lab11", "lab11\lab11.csproj", "{482A46C5-FC3D-4ED5-AB23-BC1C1DBA446A}"
EndProject
Project("{FAE04EC0-301F-11D3-BF4B-00C04F79EFBC}") = "lab10", "lab10\lab10.csproj", "{531EC282-A5F8-496E-84D2-83CAEA27D723}"
EndProject
Project("{FAE04EC0-301F-11D3-BF4B-00C04F79EFBC}") = "lab13", "lab13\lab13.csproj", "{C171FAD1-69CD-4EE1-8E18-A7CFDDFFB8FF}"
EndProject
Global
	GlobalSection(SolutionConfigurationPlatforms) = preSolution
		Debug|Any CPU = Debug|Any CPU
		Release|Any CPU = Release|Any CPU
	EndGlobalSection
	GlobalSection(ProjectConfigurationPlatforms) = postSolution
		{6444307E-C426-4270-B53B-EAF33523AFDC}.Debug|Any CPU.ActiveCfg = Debug|Any CPU
		{6444307E-C426-4270-B53B-EAF33523AFDC}.Debug|Any CPU.Build.0 = Debug|Any CPU
		{6444307E-C426-4270-B53B-EAF33523AFDC}.Release|Any CPU.ActiveCfg = Release|Any CPU
		{6444307E-C426-4270-B53B-EAF33523AFDC}.Release|Any CPU.Build.0 = Release|Any CPU
		{4ACD8A2D-F69B-4C6F-9FC5-67764FF6CA39}.Debug|Any CPU.ActiveCfg = Debug|Any CPU
		{4ACD8A2D-F69B-4C6F-9FC5-67764FF6CA39}.Debug|Any CPU.Build.0 = Debug|Any CPU
		{4ACD8A2D-F69B-4C6F-9FC5-67764FF6CA39}.Release|Any CPU.ActiveCfg = Release|Any CPU
		{4ACD8A2D-F69B-4C6F-9FC5-67764FF6CA39}.Release|Any CPU.Build.0 = Release|Any CPU
		{524D3006-F341-498E-AB6D-631E4F14E768}.Debug|Any CPU.ActiveCfg = Debug|Any CPU
		{524D3006-F341-498E-AB6D-631E4F14E768}.Debug|Any CPU.Build.0 = Debug|Any CPU
		{524D3006-F341-498E-AB6D-631E4F14E768}.Release|Any CPU.ActiveCfg = Release|Any CPU
		{524D3006-F341-498E-AB6D-631E4F14E768}.Release|Any CPU.Build.0 = Release|Any CPU
		{5808B179-4D3A-489D-800D-5C4443164940}.Debug|Any CPU.ActiveCfg = Debug|Any CPU
		{5808B179-4D3A-489D-800D-5C4443164940}.Debug|Any CPU.Build.0 = Debug|Any CPU
		{5808B179-4D3A-489D-800D-5C4443164940}.Release|Any CPU.ActiveCfg = Release|Any CPU
		{5808B179-4D3A-489D-800D-5C4443164940}.Release|Any CPU.Build.0 = Release|Any CPU
		{F8CA0F7A-C033-4C96-B30F-29144274C599}.Debug|Any CPU.ActiveCfg = Debug|Any CPU
		{F8CA0F7A-C033-4C96-B30F-29144274C599}.Debug|Any CPU.Build.0 = Debug|Any CPU
		{F8CA0F7A-C033-4C96-B30F-29144274C599}.Release|Any CPU.ActiveCfg = Release|Any CPU
		{F8CA0F7A-C033-4C96-B30F-29144274C599}.Release|Any CPU.Build.0 = Release|Any CPU
		{06D219A8-4EE4-4523-BA4E-92D230EC3906}.Debug|Any CPU.ActiveCfg = Debug|Any CPU
		{06D219A8-4EE4-4523-BA4E-92D230EC3906}.Debug|Any CPU.Build.0 = Debug|Any CPU
		{06D219A8-4EE4-4523-BA4E-92D230EC3906}.Release|Any CPU.ActiveCfg = Release|Any CPU
		{06D219A8-4EE4-4523-BA4E-92D230EC3906}.Release|Any CPU.Build.0 = Release|Any CPU
		{F2836228-14DA-4E60-B763-36A21CD9F5BB}.Debug|Any CPU.ActiveCfg = Debug|Any CPU
		{F2836228-14DA-4E60-B763-36A21CD9F5BB}.Debug|Any CPU.Build.0 = Debug|Any CPU
		{F2836228-14DA-4E60-B763-36A21CD9F5BB}.Release|Any CPU.ActiveCfg = Release|Any CPU
		{F2836228-14DA-4E60-B763-36A21CD9F5BB}.Release|Any CPU.Build.0 = Release|Any CPU
		{482A46C5-FC3D-4ED5-AB23-BC1C1DBA446A}.Debug|Any CPU.ActiveCfg = Debug|Any CPU
		{482A46C5-FC3D-4ED5-AB23-BC1C1DBA446A}.Debug|Any CPU.Build.0 = Debug|Any CPU
		{482A46C5-FC3D-4ED5-AB23-BC1C1DBA446A}.Release|Any CPU.ActiveCfg = Release|Any CPU
		{482A46C5-FC3D-4ED5-AB23-BC1C1DBA446A}.Release|Any CPU.Build.0 = Release|Any CPU
		{531EC282-A5F8-496E-84D2-83CAEA27D723}.Debug|Any CPU.ActiveCfg = Debug|Any CPU
		{531EC282-A5F8-496E-84D2-83CAEA27D723}.Debug|Any CPU.Build.0 = Debug|Any CPU
		{531EC282-A5F8-496E-84D2-83CAEA27D723}.Release|Any CPU.ActiveCfg = Release|Any CPU
		{531EC282-A5F8-496E-84D2-83CAEA27D723}.Release|Any CPU.Build.0 = Release|Any CPU
		{C171FAD1-69CD-4EE1-8E18-A7CFDDFFB8FF}.Debug|Any CPU.ActiveCfg = Debug|Any CPU
		{C171FAD1-69CD-4EE1-8E18-A7CFDDFFB8FF}.Debug|Any CPU.Build.0 = Debug|Any CPU
		{C171FAD1-69CD-4EE1-8E18-A7CFDDFFB8FF}.Release|Any CPU.ActiveCfg = Release|Any CPU
		{C171FAD1-69CD-4EE1-8E18-A7CFDDFFB8FF}.Release|Any CPU.Build.0 = Release|Any CPU
	EndGlobalSection
	GlobalSection(SolutionProperties) = preSolution
		HideSolutionNode = FALSE
	EndGlobalSection
	GlobalSection(ExtensibilityGlobals) = postSolution
		SolutionGuid = {1328B741-49C2-43D9-A365-1AE8E83A4941}
	EndGlobalSection
EndGlobal
